// !$*UTF8*$!
{
	archiveVersion = 1;
	classes = {
	};
	objectVersion = 50;
	objects = {

/* Begin PBXBuildFile section */
		5525405023FD8280004EA257 /* AppDelegate.swift in Sources */ = {isa = PBXBuildFile; fileRef = 5525404F23FD8280004EA257 /* AppDelegate.swift */; };
		5525405223FD8280004EA257 /* SceneDelegate.swift in Sources */ = {isa = PBXBuildFile; fileRef = 5525405123FD8280004EA257 /* SceneDelegate.swift */; };
		5525405423FD8280004EA257 /* ContentView.swift in Sources */ = {isa = PBXBuildFile; fileRef = 5525405323FD8280004EA257 /* ContentView.swift */; };
		5525405623FD8283004EA257 /* Assets.xcassets in Resources */ = {isa = PBXBuildFile; fileRef = 5525405523FD8283004EA257 /* Assets.xcassets */; };
		5525405923FD8283004EA257 /* Preview Assets.xcassets in Resources */ = {isa = PBXBuildFile; fileRef = 5525405823FD8283004EA257 /* Preview Assets.xcassets */; };
		5525405C23FD8283004EA257 /* LaunchScreen.storyboard in Resources */ = {isa = PBXBuildFile; fileRef = 5525405A23FD8283004EA257 /* LaunchScreen.storyboard */; };
		5525406523FD87F0004EA257 /* Pacifico-Regular.ttf in Resources */ = {isa = PBXBuildFile; fileRef = 5525406423FD87F0004EA257 /* Pacifico-Regular.ttf */; };
		55F4535223FD918F003BA141 /* InfoView.swift in Sources */ = {isa = PBXBuildFile; fileRef = 55F4535123FD918F003BA141 /* InfoView.swift */; };
/* End PBXBuildFile section */

/* Begin PBXFileReference section */
		5525404C23FD8280004EA257 /* Business Card.app */ = {isa = PBXFileReference; explicitFileType = wrapper.application; includeInIndex = 0; path = "Business Card.app"; sourceTree = BUILT_PRODUCTS_DIR; };
		5525404F23FD8280004EA257 /* AppDelegate.swift */ = {isa = PBXFileReference; lastKnownFileType = sourcecode.swift; path = AppDelegate.swift; sourceTree = "<group>"; };
		5525405123FD8280004EA257 /* SceneDelegate.swift */ = {isa = PBXFileReference; lastKnownFileType = sourcecode.swift; path = SceneDelegate.swift; sourceTree = "<group>"; };
		5525405323FD8280004EA257 /* ContentView.swift */ = {isa = PBXFileReference; lastKnownFileType = sourcecode.swift; path = ContentView.swift; sourceTree = "<group>"; };
		5525405523FD8283004EA257 /* Assets.xcassets */ = {isa = PBXFileReference; lastKnownFileType = folder.assetcatalog; path = Assets.xcassets; sourceTree = "<group>"; };
		5525405823FD8283004EA257 /* Preview Assets.xcassets */ = {isa = PBXFileReference; lastKnownFileType = folder.assetcatalog; path = "Preview Assets.xcassets"; sourceTree = "<group>"; };
		5525405B23FD8283004EA257 /* Base */ = {isa = PBXFileReference; lastKnownFileType = file.storyboard; name = Base; path = Base.lproj/LaunchScreen.storyboard; sourceTree = "<group>"; };
		5525405D23FD8283004EA257 /* Info.plist */ = {isa = PBXFileReference; lastKnownFileType = text.plist.xml; path = Info.plist; sourceTree = "<group>"; };
		5525406423FD87F0004EA257 /* Pacifico-Regular.ttf */ = {isa = PBXFileReference; lastKnownFileType = file; name = "Pacifico-Regular.ttf"; path = "fonts/Pacifico/Pacifico-Regular.ttf"; sourceTree = SOURCE_ROOT; };
		55F4535123FD918F003BA141 /* InfoView.swift */ = {isa = PBXFileReference; lastKnownFileType = sourcecode.swift; path = InfoView.swift; sourceTree = "<group>"; };
/* End PBXFileReference section */

/* Begin PBXFrameworksBuildPhase section */
		5525404923FD8280004EA257 /* Frameworks */ = {
			isa = PBXFrameworksBuildPhase;
			buildActionMask = 2147483647;
			files = (
			);
			runOnlyForDeploymentPostprocessing = 0;
		};
/* End PBXFrameworksBuildPhase section */

/* Begin PBXGroup section */
		5525404323FD8280004EA257 = {
			isa = PBXGroup;
			children = (
				5525404E23FD8280004EA257 /* Business Card */,
				5525404D23FD8280004EA257 /* Products */,
			);
			sourceTree = "<group>";
		};
		5525404D23FD8280004EA257 /* Products */ = {
			isa = PBXGroup;
			children = (
				5525404C23FD8280004EA257 /* Business Card.app */,
			);
			name = Products;
			sourceTree = "<group>";
		};
		5525404E23FD8280004EA257 /* Business Card */ = {
			isa = PBXGroup;
			children = (
				5525406323FD87E4004EA257 /* Fonts */,
				5525404F23FD8280004EA257 /* AppDelegate.swift */,
				5525405123FD8280004EA257 /* SceneDelegate.swift */,
				5525405323FD8280004EA257 /* ContentView.swift */,
				55F4535123FD918F003BA141 /* InfoView.swift */,
				5525405523FD8283004EA257 /* Assets.xcassets */,
				5525405A23FD8283004EA257 /* LaunchScreen.storyboard */,
				5525405D23FD8283004EA257 /* Info.plist */,
				5525405723FD8283004EA257 /* Preview Content */,
			);
			path = "Business Card";
			sourceTree = "<group>";
		};
		5525405723FD8283004EA257 /* Preview Content */ = {
			isa = PBXGroup;
			children = (
				5525405823FD8283004EA257 /* Preview Assets.xcassets */,
			);
			path = "Preview Content";
			sourceTree = "<group>";
		};
		5525406323FD87E4004EA257 /* Fonts */ = {
			isa = PBXGroup;
			children = (
				5525406423FD87F0004EA257 /* Pacifico-Regular.ttf */,
			);
			path = Fonts;
			sourceTree = "<group>";
		};
/* End PBXGroup section */

/* Begin PBXNativeTarget section */
		5525404B23FD8280004EA257 /* Business Card */ = {
			isa = PBXNativeTarget;
			buildConfigurationList = 5525406023FD8283004EA257 /* Build configuration list for PBXNativeTarget "Business Card" */;
			buildPhases = (
				5525404823FD8280004EA257 /* Sources */,
				5525404923FD8280004EA257 /* Frameworks */,
				5525404A23FD8280004EA257 /* Resources */,
			);
			buildRules = (
			);
			dependencies = (
			);
			name = "Business Card";
			productName = "Business Card";
			productReference = 5525404C23FD8280004EA257 /* Business Card.app */;
			productType = "com.apple.product-type.application";
		};
/* End PBXNativeTarget section */

/* Begin PBXProject section */
		5525404423FD8280004EA257 /* Project object */ = {
			isa = PBXProject;
			attributes = {
				LastSwiftUpdateCheck = 1130;
				LastUpgradeCheck = 1130;
				ORGANIZATIONNAME = Felipe;
				TargetAttributes = {
					5525404B23FD8280004EA257 = {
						CreatedOnToolsVersion = 11.3;
					};
				};
			};
			buildConfigurationList = 5525404723FD8280004EA257 /* Build configuration list for PBXProject "Business Card" */;
			compatibilityVersion = "Xcode 9.3";
			developmentRegion = en;
			hasScannedForEncodings = 0;
			knownRegions = (
				en,
				Base,
			);
			mainGroup = 5525404323FD8280004EA257;
			productRefGroup = 5525404D23FD8280004EA257 /* Products */;
			projectDirPath = "";
			projectRoot = "";
			targets = (
				5525404B23FD8280004EA257 /* Business Card */,
			);
		};
/* End PBXProject section */

/* Begin PBXResourcesBuildPhase section */
		5525404A23FD8280004EA257 /* Resources */ = {
			isa = PBXResourcesBuildPhase;
			buildActionMask = 2147483647;
			files = (
				5525405C23FD8283004EA257 /* LaunchScreen.storyboard in Resources */,
				5525406523FD87F0004EA257 /* Pacifico-Regular.ttf in Resources */,
				5525405923FD8283004EA257 /* Preview Assets.xcassets in Resources */,
				5525405623FD8283004EA257 /* Assets.xcassets in Resources */,
			);
			runOnlyForDeploymentPostprocessing = 0;
		};
/* End PBXResourcesBuildPhase section */

/* Begin PBXSourcesBuildPhase section */
		5525404823FD8280004EA257 /* Sources */ = {
			isa = PBXSourcesBuildPhase;
			buildActionMask = 2147483647;
			files = (
				55F4535223FD918F003BA141 /* InfoView.swift in Sources */,
				5525405023FD8280004EA257 /* AppDelegate.swift in Sources */,
				5525405223FD8280004EA257 /* SceneDelegate.swift in Sources */,
				5525405423FD8280004EA257 /* ContentView.swift in Sources */,
			);
			runOnlyForDeploymentPostprocessing = 0;
		};
/* End PBXSourcesBuildPhase section */

/* Begin PBXVariantGroup section */
		5525405A23FD8283004EA257 /* LaunchScreen.storyboard */ = {
			isa = PBXVariantGroup;
			children = (
				5525405B23FD8283004EA257 /* Base */,
			);
			name = LaunchScreen.storyboard;
			sourceTree = "<group>";
		};
/* End PBXVariantGroup section */

/* Begin XCBuildConfiguration section */
		5525405E23FD8283004EA257 /* Debug */ = {
			isa = XCBuildConfiguration;
			buildSettings = {
				ALWAYS_SEARCH_USER_PATHS = NO;
				CLANG_ANALYZER_NONNULL = YES;
				CLANG_ANALYZER_NUMBER_OBJECT_CONVERSION = YES_AGGRESSIVE;
				CLANG_CXX_LANGUAGE_STANDARD = "gnu++14";
				CLANG_CXX_LIBRARY = "libc++";
				CLANG_ENABLE_MODULES = YES;
				CLANG_ENABLE_OBJC_ARC = YES;
				CLANG_ENABLE_OBJC_WEAK = YES;
				CLANG_WARN_BLOCK_CAPTURE_AUTORELEASING = YES;
				CLANG_WARN_BOOL_CONVERSION = YES;
				CLANG_WARN_COMMA = YES;
				CLANG_WARN_CONSTANT_CONVERSION = YES;
				CLANG_WARN_DEPRECATED_OBJC_IMPLEMENTATIONS = YES;
				CLANG_WARN_DIRECT_OBJC_ISA_USAGE = YES_ERROR;
				CLANG_WARN_DOCUMENTATION_COMMENTS = YES;
				CLANG_WARN_EMPTY_BODY = YES;
				CLANG_WARN_ENUM_CONVERSION = YES;
				CLANG_WARN_INFINITE_RECURSION = YES;
				CLANG_WARN_INT_CONVERSION = YES;
				CLANG_WARN_NON_LITERAL_NULL_CONVERSION = YES;
				CLANG_WARN_OBJC_IMPLICIT_RETAIN_SELF = YES;
				CLANG_WARN_OBJC_LITERAL_CONVERSION = YES;
				CLANG_WARN_OBJC_ROOT_CLASS = YES_ERROR;
				CLANG_WARN_RANGE_LOOP_ANALYSIS = YES;
				CLANG_WARN_STRICT_PROTOTYPES = YES;
				CLANG_WARN_SUSPICIOUS_MOVE = YES;
				CLANG_WARN_UNGUARDED_AVAILABILITY = YES_AGGRESSIVE;
				CLANG_WARN_UNREACHABLE_CODE = YES;
				CLANG_WARN__DUPLICATE_METHOD_MATCH = YES;
				COPY_PHASE_STRIP = NO;
				DEBUG_INFORMATION_FORMAT = dwarf;
				ENABLE_STRICT_OBJC_MSGSEND = YES;
				ENABLE_TESTABILITY = YES;
				GCC_C_LANGUAGE_STANDARD = gnu11;
				GCC_DYNAMIC_NO_PIC = NO;
				GCC_NO_COMMON_BLOCKS = YES;
				GCC_OPTIMIZATION_LEVEL = 0;
				GCC_PREPROCESSOR_DEFINITIONS = (
					"DEBUG=1",
					"$(inherited)",
				);
				GCC_WARN_64_TO_32_BIT_CONVERSION = YES;
				GCC_WARN_ABOUT_RETURN_TYPE = YES_ERROR;
				GCC_WARN_UNDECLARED_SELECTOR = YES;
				GCC_WARN_UNINITIALIZED_AUTOS = YES_AGGRESSIVE;
				GCC_WARN_UNUSED_FUNCTION = YES;
				GCC_WARN_UNUSED_VARIABLE = YES;
				IPHONEOS_DEPLOYMENT_TARGET = 13.2;
				MTL_ENABLE_DEBUG_INFO = INCLUDE_SOURCE;
				MTL_FAST_MATH = YES;
				ONLY_ACTIVE_ARCH = YES;
				SDKROOT = iphoneos;
				SWIFT_ACTIVE_COMPILATION_CONDITIONS = DEBUG;
				SWIFT_OPTIMIZATION_LEVEL = "-Onone";
			};
			name = Debug;
		};
		5525405F23FD8283004EA257 /* Release */ = {
			isa = XCBuildConfiguration;
			buildSettings = {
				ALWAYS_SEARCH_USER_PATHS = NO;
				CLANG_ANALYZER_NONNULL = YES;
				CLANG_ANALYZER_NUMBER_OBJECT_CONVERSION = YES_AGGRESSIVE;
				CLANG_CXX_LANGUAGE_STANDARD = "gnu++14";
				CLANG_CXX_LIBRARY = "libc++";
				CLANG_ENABLE_MODULES = YES;
				CLANG_ENABLE_OBJC_ARC = YES;
				CLANG_ENABLE_OBJC_WEAK = YES;
				CLANG_WARN_BLOCK_CAPTURE_AUTORELEASING = YES;
				CLANG_WARN_BOOL_CONVERSION = YES;
				CLANG_WARN_COMMA = YES;
				CLANG_WARN_CONSTANT_CONVERSION = YES;
				CLANG_WARN_DEPRECATED_OBJC_IMPLEMENTATIONS = YES;
				CLANG_WARN_DIRECT_OBJC_ISA_USAGE = YES_ERROR;
				CLANG_WARN_DOCUMENTATION_COMMENTS = YES;
				CLANG_WARN_EMPTY_BODY = YES;
				CLANG_WARN_ENUM_CONVERSION = YES;
				CLANG_WARN_INFINITE_RECURSION = YES;
				CLANG_WARN_INT_CONVERSION = YES;
				CLANG_WARN_NON_LITERAL_NULL_CONVERSION = YES;
				CLANG_WARN_OBJC_IMPLICIT_RETAIN_SELF = YES;
				CLANG_WARN_OBJC_LITERAL_CONVERSION = YES;
				CLANG_WARN_OBJC_ROOT_CLASS = YES_ERROR;
				CLANG_WARN_RANGE_LOOP_ANALYSIS = YES;
				CLANG_WARN_STRICT_PROTOTYPES = YES;
				CLANG_WARN_SUSPICIOUS_MOVE = YES;
				CLANG_WARN_UNGUARDED_AVAILABILITY = YES_AGGRESSIVE;
				CLANG_WARN_UNREACHABLE_CODE = YES;
				CLANG_WARN__DUPLICATE_METHOD_MATCH = YES;
				COPY_PHASE_STRIP = NO;
				DEBUG_INFORMATION_FORMAT = "dwarf-with-dsym";
				ENABLE_NS_ASSERTIONS = NO;
				ENABLE_STRICT_OBJC_MSGSEND = YES;
				GCC_C_LANGUAGE_STANDARD = gnu11;
				GCC_NO_COMMON_BLOCKS = YES;
				GCC_WARN_64_TO_32_BIT_CONVERSION = YES;
				GCC_WARN_ABOUT_RETURN_TYPE = YES_ERROR;
				GCC_WARN_UNDECLARED_SELECTOR = YES;
				GCC_WARN_UNINITIALIZED_AUTOS = YES_AGGRESSIVE;
				GCC_WARN_UNUSED_FUNCTION = YES;
				GCC_WARN_UNUSED_VARIABLE = YES;
				IPHONEOS_DEPLOYMENT_TARGET = 13.2;
				MTL_ENABLE_DEBUG_INFO = NO;
				MTL_FAST_MATH = YES;
				SDKROOT = iphoneos;
				SWIFT_COMPILATION_MODE = wholemodule;
				SWIFT_OPTIMIZATION_LEVEL = "-O";
				VALIDATE_PRODUCT = YES;
			};
			name = Release;
		};
		5525406123FD8283004EA257 /* Debug */ = {
			isa = XCBuildConfiguration;
			buildSettings = {
				ASSETCATALOG_COMPILER_APPICON_NAME = AppIcon;
				CODE_SIGN_STYLE = Automatic;
				DEVELOPMENT_ASSET_PATHS = "\"Business Card/Preview Content\"";
				DEVELOPMENT_TEAM = 328SVQN69F;
				ENABLE_PREVIEWS = YES;
				INFOPLIST_FILE = "Business Card/Info.plist";
				LD_RUNPATH_SEARCH_PATHS = (
					"$(inherited)",
					"@executable_path/Frameworks",
				);
				PRODUCT_BUNDLE_IDENTIFIER = "com.growdigital.Business-Card";
				PRODUCT_NAME = "$(TARGET_NAME)";
				SWIFT_VERSION = 5.0;
				TARGETED_DEVICE_FAMILY = "1,2";
			};
			name = Debug;
		};
		5525406223FD8283004EA257 /* Release */ = {
			isa = XCBuildConfiguration;
			buildSettings = {
				ASSETCATALOG_COMPILER_APPICON_NAME = AppIcon;
				CODE_SIGN_STYLE = Automatic;
				DEVELOPMENT_ASSET_PATHS = "\"Business Card/Preview Content\"";
				DEVELOPMENT_TEAM = 328SVQN69F;
				ENABLE_PREVIEWS = YES;
				INFOPLIST_FILE = "Business Card/Info.plist";
				LD_RUNPATH_SEARCH_PATHS = (
					"$(inherited)",
					"@executable_path/Frameworks",
				);
				PRODUCT_BUNDLE_IDENTIFIER = "com.growdigital.Business-Card";
				PRODUCT_NAME = "$(TARGET_NAME)";
				SWIFT_VERSION = 5.0;
				TARGETED_DEVICE_FAMILY = "1,2";
			};
			name = Release;
		};
/* End XCBuildConfiguration section */

/* Begin XCConfigurationList section */
		5525404723FD8280004EA257 /* Build configuration list for PBXProject "Business Card" */ = {
			isa = XCConfigurationList;
			buildConfigurations = (
				5525405E23FD8283004EA257 /* Debug */,
				5525405F23FD8283004EA257 /* Release */,
			);
			defaultConfigurationIsVisible = 0;
			defaultConfigurationName = Release;
		};
		5525406023FD8283004EA257 /* Build configuration list for PBXNativeTarget "Business Card" */ = {
			isa = XCConfigurationList;
			buildConfigurations = (
				5525406123FD8283004EA257 /* Debug */,
				5525406223FD8283004EA257 /* Release */,
			);
			defaultConfigurationIsVisible = 0;
			defaultConfigurationName = Release;
		};
/* End XCConfigurationList section */
	};
	rootObject = 5525404423FD8280004EA257 /* Project object */;
}
